
Microsoft Visual Studio Solution File, Format Version 12.00
# Visual Studio 2013
VisualStudioVersion = 12.0.31101.0
MinimumVisualStudioVersion = 10.0.40219.1
Project("{FAE04EC0-301F-11D3-BF4B-00C04F79EFBC}") = "Domain", "Domain\Domain.csproj", "{9E0FFF11-0EA5-4D78-BCB1-94EF3F5D776C}"
EndProject
Project("{FAE04EC0-301F-11D3-BF4B-00C04F79EFBC}") = "BusinessLogic", "BusinessLogic\BusinessLogic.csproj", "{588CFAC8-6B05-432A-BB08-6C573FCCB253}"
EndProject
Project("{FAE04EC0-301F-11D3-BF4B-00C04F79EFBC}") = "VoterManager", "VoterManager\VoterManager.csproj", "{9D39A759-4311-4C68-B01B-E9ADA74E4B83}"
EndProject
Project("{FAE04EC0-301F-11D3-BF4B-00C04F79EFBC}") = "VoterManger.Tests", "VoterManger.Tests\VoterManger.Tests.csproj", "{A4419FFF-2D80-4891-825A-DF872524088F}"
EndProject
Global
	GlobalSection(SolutionConfigurationPlatforms) = preSolution
		Debug|Any CPU = Debug|Any CPU
		Release|Any CPU = Release|Any CPU
	EndGlobalSection
	GlobalSection(ProjectConfigurationPlatforms) = postSolution
		{9E0FFF11-0EA5-4D78-BCB1-94EF3F5D776C}.Debug|Any CPU.ActiveCfg = Debug|Any CPU
		{9E0FFF11-0EA5-4D78-BCB1-94EF3F5D776C}.Debug|Any CPU.Build.0 = Debug|Any CPU
		{9E0FFF11-0EA5-4D78-BCB1-94EF3F5D776C}.Release|Any CPU.ActiveCfg = Release|Any CPU
		{9E0FFF11-0EA5-4D78-BCB1-94EF3F5D776C}.Release|Any CPU.Build.0 = Release|Any CPU
		{588CFAC8-6B05-432A-BB08-6C573FCCB253}.Debug|Any CPU.ActiveCfg = Debug|Any CPU
		{588CFAC8-6B05-432A-BB08-6C573FCCB253}.Debug|Any CPU.Build.0 = Debug|Any CPU
		{588CFAC8-6B05-432A-BB08-6C573FCCB253}.Release|Any CPU.ActiveCfg = Release|Any CPU
		{588CFAC8-6B05-432A-BB08-6C573FCCB253}.Release|Any CPU.Build.0 = Release|Any CPU
		{9D39A759-4311-4C68-B01B-E9ADA74E4B83}.Debug|Any CPU.ActiveCfg = Debug|Any CPU
		{9D39A759-4311-4C68-B01B-E9ADA74E4B83}.Debug|Any CPU.Build.0 = Debug|Any CPU
		{9D39A759-4311-4C68-B01B-E9ADA74E4B83}.Release|Any CPU.ActiveCfg = Release|Any CPU
		{9D39A759-4311-4C68-B01B-E9ADA74E4B83}.Release|Any CPU.Build.0 = Release|Any CPU
		{A4419FFF-2D80-4891-825A-DF872524088F}.Debug|Any CPU.ActiveCfg = Debug|Any CPU
		{A4419FFF-2D80-4891-825A-DF872524088F}.Debug|Any CPU.Build.0 = Debug|Any CPU
		{A4419FFF-2D80-4891-825A-DF872524088F}.Release|Any CPU.ActiveCfg = Release|Any CPU
		{A4419FFF-2D80-4891-825A-DF872524088F}.Release|Any CPU.Build.0 = Release|Any CPU
	EndGlobalSection
	GlobalSection(SolutionProperties) = preSolution
		HideSolutionNode = FALSE
	EndGlobalSection
EndGlobal
